// !$*UTF8*$!
{
	archiveVersion = 1;
	classes = {
	};
	objectVersion = 48;
	objects = {

/* Begin PBXBuildFile section */
		C016A0B4209726D800C898C4 /* RFYCache.h in Headers */ = {isa = PBXBuildFile; fileRef = C016A0B2209726D700C898C4 /* RFYCache.h */; settings = {ATTRIBUTES = (Public, ); }; };
		C016A0B5209726D800C898C4 /* RFYCache.m in Sources */ = {isa = PBXBuildFile; fileRef = C016A0B3209726D800C898C4 /* RFYCache.m */; };
		C0C8B7A620836606004BB9FD /* RFYAppKit.framework in Frameworks */ = {isa = PBXBuildFile; fileRef = C0C8B79C20836605004BB9FD /* RFYAppKit.framework */; };
		C0C8B7AB20836606004BB9FD /* RFYAppKitTests.m in Sources */ = {isa = PBXBuildFile; fileRef = C0C8B7AA20836606004BB9FD /* RFYAppKitTests.m */; };
		C0C8B7AD20836606004BB9FD /* RFYAppKit.h in Headers */ = {isa = PBXBuildFile; fileRef = C0C8B79F20836605004BB9FD /* RFYAppKit.h */; settings = {ATTRIBUTES = (Public, ); }; };
		C0C8B7E320836945004BB9FD /* RFYUtils.h in Headers */ = {isa = PBXBuildFile; fileRef = C0C8B7E220836945004BB9FD /* RFYUtils.h */; settings = {ATTRIBUTES = (Public, ); }; };
		C0C8B7EB20836B9E004BB9FD /* RFYUtils.m in Sources */ = {isa = PBXBuildFile; fileRef = C0C8B7EA20836B9E004BB9FD /* RFYUtils.m */; };
		C0C8B7EC20836B9E004BB9FD /* RFYUtils.m in Sources */ = {isa = PBXBuildFile; fileRef = C0C8B7EA20836B9E004BB9FD /* RFYUtils.m */; };
		C0E34FE420E10DC100CB9B52 /* NSArray+RFYUtilities.h in Headers */ = {isa = PBXBuildFile; fileRef = C0E34FDC20E10DC000CB9B52 /* NSArray+RFYUtilities.h */; };
		C0E34FE520E10DC100CB9B52 /* RFYPermissions.m in Sources */ = {isa = PBXBuildFile; fileRef = C0E34FDD20E10DC000CB9B52 /* RFYPermissions.m */; };
		C0E34FE620E10DC100CB9B52 /* RFYTask.m in Sources */ = {isa = PBXBuildFile; fileRef = C0E34FDE20E10DC000CB9B52 /* RFYTask.m */; };
		C0E34FE720E10DC100CB9B52 /* NSArray+RFYUtilities.m in Sources */ = {isa = PBXBuildFile; fileRef = C0E34FDF20E10DC000CB9B52 /* NSArray+RFYUtilities.m */; };
		C0E34FE820E10DC100CB9B52 /* RFYErrors.m in Sources */ = {isa = PBXBuildFile; fileRef = C0E34FE020E10DC000CB9B52 /* RFYErrors.m */; };
		C0E34FE920E10DC100CB9B52 /* RFYPermissions.h in Headers */ = {isa = PBXBuildFile; fileRef = C0E34FE120E10DC000CB9B52 /* RFYPermissions.h */; };
		C0E34FEA20E10DC100CB9B52 /* RFYErrors.h in Headers */ = {isa = PBXBuildFile; fileRef = C0E34FE220E10DC100CB9B52 /* RFYErrors.h */; };
		C0E34FEB20E10DC100CB9B52 /* RFYTask.h in Headers */ = {isa = PBXBuildFile; fileRef = C0E34FE320E10DC100CB9B52 /* RFYTask.h */; };
		C0E3514520E113D300CB9B52 /* NSNumber+ObjectiveSugar.h in Headers */ = {isa = PBXBuildFile; fileRef = C0E3513820E113D300CB9B52 /* NSNumber+ObjectiveSugar.h */; };
		C0E3514620E113D300CB9B52 /* NSMutableArray+ObjectiveSugar.h in Headers */ = {isa = PBXBuildFile; fileRef = C0E3513920E113D300CB9B52 /* NSMutableArray+ObjectiveSugar.h */; };
		C0E3514720E113D300CB9B52 /* NSSet+ObjectiveSugar.h in Headers */ = {isa = PBXBuildFile; fileRef = C0E3513A20E113D300CB9B52 /* NSSet+ObjectiveSugar.h */; };
		C0E3514820E113D300CB9B52 /* NSNumber+ObjectiveSugar.m in Sources */ = {isa = PBXBuildFile; fileRef = C0E3513B20E113D300CB9B52 /* NSNumber+ObjectiveSugar.m */; };
		C0E3514920E113D300CB9B52 /* NSArray+ObjectiveSugar.m in Sources */ = {isa = PBXBuildFile; fileRef = C0E3513C20E113D300CB9B52 /* NSArray+ObjectiveSugar.m */; };
		C0E3514A20E113D300CB9B52 /* NSArray+ObjectiveSugar.h in Headers */ = {isa = PBXBuildFile; fileRef = C0E3513D20E113D300CB9B52 /* NSArray+ObjectiveSugar.h */; };
		C0E3514B20E113D300CB9B52 /* NSDictionary+ObjectiveSugar.m in Sources */ = {isa = PBXBuildFile; fileRef = C0E3513E20E113D300CB9B52 /* NSDictionary+ObjectiveSugar.m */; };
		C0E3514C20E113D300CB9B52 /* NSMutableArray+ObjectiveSugar.m in Sources */ = {isa = PBXBuildFile; fileRef = C0E3513F20E113D300CB9B52 /* NSMutableArray+ObjectiveSugar.m */; };
		C0E3514D20E113D300CB9B52 /* NSSet+ObjectiveSugar.m in Sources */ = {isa = PBXBuildFile; fileRef = C0E3514020E113D300CB9B52 /* NSSet+ObjectiveSugar.m */; settings = {COMPILER_FLAGS = "-w"; }; };
		C0E3514E20E113D300CB9B52 /* NSString+ObjectiveSugar.h in Headers */ = {isa = PBXBuildFile; fileRef = C0E3514120E113D300CB9B52 /* NSString+ObjectiveSugar.h */; };
		C0E3514F20E113D300CB9B52 /* NSDictionary+ObjectiveSugar.h in Headers */ = {isa = PBXBuildFile; fileRef = C0E3514220E113D300CB9B52 /* NSDictionary+ObjectiveSugar.h */; };
		C0E3515020E113D300CB9B52 /* NSString+ObjectiveSugar.m in Sources */ = {isa = PBXBuildFile; fileRef = C0E3514320E113D300CB9B52 /* NSString+ObjectiveSugar.m */; };
		C0E3515120E113D300CB9B52 /* ObjectiveSugar.h in Headers */ = {isa = PBXBuildFile; fileRef = C0E3514420E113D300CB9B52 /* ObjectiveSugar.h */; };
/* End PBXBuildFile section */

/* Begin PBXContainerItemProxy section */
		C0C8B7A720836606004BB9FD /* PBXContainerItemProxy */ = {
			isa = PBXContainerItemProxy;
			containerPortal = C0C8B79320836605004BB9FD /* Project object */;
			proxyType = 1;
			remoteGlobalIDString = C0C8B79B20836605004BB9FD;
			remoteInfo = RFYAppKit;
		};
/* End PBXContainerItemProxy section */

/* Begin PBXFileReference section */
		C016A0B2209726D700C898C4 /* RFYCache.h */ = {isa = PBXFileReference; fileEncoding = 4; lastKnownFileType = sourcecode.c.h; path = RFYCache.h; sourceTree = "<group>"; };
		C016A0B3209726D800C898C4 /* RFYCache.m */ = {isa = PBXFileReference; fileEncoding = 4; lastKnownFileType = sourcecode.c.objc; path = RFYCache.m; sourceTree = "<group>"; };
		C05979632094BAB000966418 /* XcodeWarnings.xcconfig */ = {isa = PBXFileReference; fileEncoding = 4; lastKnownFileType = text.xcconfig; path = XcodeWarnings.xcconfig; sourceTree = "<group>"; };
		C0C8B79C20836605004BB9FD /* RFYAppKit.framework */ = {isa = PBXFileReference; explicitFileType = wrapper.framework; includeInIndex = 0; path = RFYAppKit.framework; sourceTree = BUILT_PRODUCTS_DIR; };
		C0C8B79F20836605004BB9FD /* RFYAppKit.h */ = {isa = PBXFileReference; lastKnownFileType = sourcecode.c.h; path = RFYAppKit.h; sourceTree = "<group>"; };
		C0C8B7A020836605004BB9FD /* Info.plist */ = {isa = PBXFileReference; lastKnownFileType = text.plist.xml; path = Info.plist; sourceTree = "<group>"; };
		C0C8B7A520836606004BB9FD /* RFYAppKitTests.xctest */ = {isa = PBXFileReference; explicitFileType = wrapper.cfbundle; includeInIndex = 0; path = RFYAppKitTests.xctest; sourceTree = BUILT_PRODUCTS_DIR; };
		C0C8B7AA20836606004BB9FD /* RFYAppKitTests.m */ = {isa = PBXFileReference; lastKnownFileType = sourcecode.c.objc; path = RFYAppKitTests.m; sourceTree = "<group>"; };
		C0C8B7AC20836606004BB9FD /* Info.plist */ = {isa = PBXFileReference; lastKnownFileType = text.plist.xml; path = Info.plist; sourceTree = "<group>"; };
		C0C8B7E220836945004BB9FD /* RFYUtils.h */ = {isa = PBXFileReference; lastKnownFileType = sourcecode.c.h; path = RFYUtils.h; sourceTree = "<group>"; };
		C0C8B7EA20836B9E004BB9FD /* RFYUtils.m */ = {isa = PBXFileReference; lastKnownFileType = sourcecode.c.objc; path = RFYUtils.m; sourceTree = "<group>"; };
		C0E34FDC20E10DC000CB9B52 /* NSArray+RFYUtilities.h */ = {isa = PBXFileReference; fileEncoding = 4; lastKnownFileType = sourcecode.c.h; path = "NSArray+RFYUtilities.h"; sourceTree = "<group>"; };
		C0E34FDD20E10DC000CB9B52 /* RFYPermissions.m */ = {isa = PBXFileReference; fileEncoding = 4; lastKnownFileType = sourcecode.c.objc; path = RFYPermissions.m; sourceTree = "<group>"; };
		C0E34FDE20E10DC000CB9B52 /* RFYTask.m */ = {isa = PBXFileReference; fileEncoding = 4; lastKnownFileType = sourcecode.c.objc; path = RFYTask.m; sourceTree = "<group>"; };
		C0E34FDF20E10DC000CB9B52 /* NSArray+RFYUtilities.m */ = {isa = PBXFileReference; fileEncoding = 4; lastKnownFileType = sourcecode.c.objc; path = "NSArray+RFYUtilities.m"; sourceTree = "<group>"; };
		C0E34FE020E10DC000CB9B52 /* RFYErrors.m */ = {isa = PBXFileReference; fileEncoding = 4; lastKnownFileType = sourcecode.c.objc; path = RFYErrors.m; sourceTree = "<group>"; };
		C0E34FE120E10DC000CB9B52 /* RFYPermissions.h */ = {isa = PBXFileReference; fileEncoding = 4; lastKnownFileType = sourcecode.c.h; path = RFYPermissions.h; sourceTree = "<group>"; };
		C0E34FE220E10DC100CB9B52 /* RFYErrors.h */ = {isa = PBXFileReference; fileEncoding = 4; lastKnownFileType = sourcecode.c.h; path = RFYErrors.h; sourceTree = "<group>"; };
		C0E34FE320E10DC100CB9B52 /* RFYTask.h */ = {isa = PBXFileReference; fileEncoding = 4; lastKnownFileType = sourcecode.c.h; path = RFYTask.h; sourceTree = "<group>"; };
		C0E3513820E113D300CB9B52 /* NSNumber+ObjectiveSugar.h */ = {isa = PBXFileReference; fileEncoding = 4; lastKnownFileType = sourcecode.c.h; name = "NSNumber+ObjectiveSugar.h"; path = "ObjectiveSugar/Classes/NSNumber+ObjectiveSugar.h"; sourceTree = "<group>"; };
		C0E3513920E113D300CB9B52 /* NSMutableArray+ObjectiveSugar.h */ = {isa = PBXFileReference; fileEncoding = 4; lastKnownFileType = sourcecode.c.h; name = "NSMutableArray+ObjectiveSugar.h"; path = "ObjectiveSugar/Classes/NSMutableArray+ObjectiveSugar.h"; sourceTree = "<group>"; };
		C0E3513A20E113D300CB9B52 /* NSSet+ObjectiveSugar.h */ = {isa = PBXFileReference; fileEncoding = 4; lastKnownFileType = sourcecode.c.h; name = "NSSet+ObjectiveSugar.h"; path = "ObjectiveSugar/Classes/NSSet+ObjectiveSugar.h"; sourceTree = "<group>"; };
		C0E3513B20E113D300CB9B52 /* NSNumber+ObjectiveSugar.m */ = {isa = PBXFileReference; fileEncoding = 4; lastKnownFileType = sourcecode.c.objc; name = "NSNumber+ObjectiveSugar.m"; path = "ObjectiveSugar/Classes/NSNumber+ObjectiveSugar.m"; sourceTree = "<group>"; };
		C0E3513C20E113D300CB9B52 /* NSArray+ObjectiveSugar.m */ = {isa = PBXFileReference; fileEncoding = 4; lastKnownFileType = sourcecode.c.objc; name = "NSArray+ObjectiveSugar.m"; path = "ObjectiveSugar/Classes/NSArray+ObjectiveSugar.m"; sourceTree = "<group>"; };
		C0E3513D20E113D300CB9B52 /* NSArray+ObjectiveSugar.h */ = {isa = PBXFileReference; fileEncoding = 4; lastKnownFileType = sourcecode.c.h; name = "NSArray+ObjectiveSugar.h"; path = "ObjectiveSugar/Classes/NSArray+ObjectiveSugar.h"; sourceTree = "<group>"; };
		C0E3513E20E113D300CB9B52 /* NSDictionary+ObjectiveSugar.m */ = {isa = PBXFileReference; fileEncoding = 4; lastKnownFileType = sourcecode.c.objc; name = "NSDictionary+ObjectiveSugar.m"; path = "ObjectiveSugar/Classes/NSDictionary+ObjectiveSugar.m"; sourceTree = "<group>"; };
		C0E3513F20E113D300CB9B52 /* NSMutableArray+ObjectiveSugar.m */ = {isa = PBXFileReference; fileEncoding = 4; lastKnownFileType = sourcecode.c.objc; name = "NSMutableArray+ObjectiveSugar.m"; path = "ObjectiveSugar/Classes/NSMutableArray+ObjectiveSugar.m"; sourceTree = "<group>"; };
		C0E3514020E113D300CB9B52 /* NSSet+ObjectiveSugar.m */ = {isa = PBXFileReference; fileEncoding = 4; lastKnownFileType = sourcecode.c.objc; name = "NSSet+ObjectiveSugar.m"; path = "ObjectiveSugar/Classes/NSSet+ObjectiveSugar.m"; sourceTree = "<group>"; };
		C0E3514120E113D300CB9B52 /* NSString+ObjectiveSugar.h */ = {isa = PBXFileReference; fileEncoding = 4; lastKnownFileType = sourcecode.c.h; name = "NSString+ObjectiveSugar.h"; path = "ObjectiveSugar/Classes/NSString+ObjectiveSugar.h"; sourceTree = "<group>"; };
		C0E3514220E113D300CB9B52 /* NSDictionary+ObjectiveSugar.h */ = {isa = PBXFileReference; fileEncoding = 4; lastKnownFileType = sourcecode.c.h; name = "NSDictionary+ObjectiveSugar.h"; path = "ObjectiveSugar/Classes/NSDictionary+ObjectiveSugar.h"; sourceTree = "<group>"; };
		C0E3514320E113D300CB9B52 /* NSString+ObjectiveSugar.m */ = {isa = PBXFileReference; fileEncoding = 4; lastKnownFileType = sourcecode.c.objc; name = "NSString+ObjectiveSugar.m"; path = "ObjectiveSugar/Classes/NSString+ObjectiveSugar.m"; sourceTree = "<group>"; };
		C0E3514420E113D300CB9B52 /* ObjectiveSugar.h */ = {isa = PBXFileReference; fileEncoding = 4; lastKnownFileType = sourcecode.c.h; name = ObjectiveSugar.h; path = ObjectiveSugar/Classes/ObjectiveSugar.h; sourceTree = "<group>"; };
/* End PBXFileReference section */

/* Begin PBXFrameworksBuildPhase section */
		C0C8B79820836605004BB9FD /* Frameworks */ = {
			isa = PBXFrameworksBuildPhase;
			buildActionMask = 2147483647;
			files = (
			);
			runOnlyForDeploymentPostprocessing = 0;
		};
		C0C8B7A220836606004BB9FD /* Frameworks */ = {
			isa = PBXFrameworksBuildPhase;
			buildActionMask = 2147483647;
			files = (
				C0C8B7A620836606004BB9FD /* RFYAppKit.framework in Frameworks */,
			);
			runOnlyForDeploymentPostprocessing = 0;
		};
/* End PBXFrameworksBuildPhase section */

/* Begin PBXGroup section */
		C0C8B79220836605004BB9FD = {
			isa = PBXGroup;
			children = (
				C05979632094BAB000966418 /* XcodeWarnings.xcconfig */,
				C0E350D220E113C600CB9B52 /* Libs */,
				C0C8B7BF20836639004BB9FD /* src */,
				C0C8B79E20836605004BB9FD /* RFYAppKit */,
				C0C8B7A920836606004BB9FD /* tests */,
				C0C8B79D20836605004BB9FD /* Products */,
			);
			sourceTree = "<group>";
		};
		C0C8B79D20836605004BB9FD /* Products */ = {
			isa = PBXGroup;
			children = (
				C0C8B79C20836605004BB9FD /* RFYAppKit.framework */,
				C0C8B7A520836606004BB9FD /* RFYAppKitTests.xctest */,
			);
			name = Products;
			sourceTree = "<group>";
		};
		C0C8B79E20836605004BB9FD /* RFYAppKit */ = {
			isa = PBXGroup;
			children = (
				C0C8B79F20836605004BB9FD /* RFYAppKit.h */,
				C0C8B7A020836605004BB9FD /* Info.plist */,
			);
			path = RFYAppKit;
			sourceTree = "<group>";
		};
		C0C8B7A920836606004BB9FD /* tests */ = {
			isa = PBXGroup;
			children = (
				C0C8B7AA20836606004BB9FD /* RFYAppKitTests.m */,
				C0C8B7AC20836606004BB9FD /* Info.plist */,
			);
			path = tests;
			sourceTree = "<group>";
		};
		C0C8B7BF20836639004BB9FD /* src */ = {
			isa = PBXGroup;
			children = (
				C0C8B7E220836945004BB9FD /* RFYUtils.h */,
				C0C8B7EA20836B9E004BB9FD /* RFYUtils.m */,
				C016A0B2209726D700C898C4 /* RFYCache.h */,
				C016A0B3209726D800C898C4 /* RFYCache.m */,
				C0E34FDC20E10DC000CB9B52 /* NSArray+RFYUtilities.h */,
				C0E34FDF20E10DC000CB9B52 /* NSArray+RFYUtilities.m */,
				C0E34FE220E10DC100CB9B52 /* RFYErrors.h */,
				C0E34FE020E10DC000CB9B52 /* RFYErrors.m */,
				C0E34FE120E10DC000CB9B52 /* RFYPermissions.h */,
				C0E34FDD20E10DC000CB9B52 /* RFYPermissions.m */,
				C0E34FE320E10DC100CB9B52 /* RFYTask.h */,
				C0E34FDE20E10DC000CB9B52 /* RFYTask.m */,
			);
			path = src;
			sourceTree = "<group>";
		};
		C0E350D220E113C600CB9B52 /* Libs */ = {
			isa = PBXGroup;
			children = (
				C0E3513D20E113D300CB9B52 /* NSArray+ObjectiveSugar.h */,
				C0E3513C20E113D300CB9B52 /* NSArray+ObjectiveSugar.m */,
				C0E3514220E113D300CB9B52 /* NSDictionary+ObjectiveSugar.h */,
				C0E3513E20E113D300CB9B52 /* NSDictionary+ObjectiveSugar.m */,
				C0E3513920E113D300CB9B52 /* NSMutableArray+ObjectiveSugar.h */,
				C0E3513F20E113D300CB9B52 /* NSMutableArray+ObjectiveSugar.m */,
				C0E3513820E113D300CB9B52 /* NSNumber+ObjectiveSugar.h */,
				C0E3513B20E113D300CB9B52 /* NSNumber+ObjectiveSugar.m */,
				C0E3513A20E113D300CB9B52 /* NSSet+ObjectiveSugar.h */,
				C0E3514020E113D300CB9B52 /* NSSet+ObjectiveSugar.m */,
				C0E3514120E113D300CB9B52 /* NSString+ObjectiveSugar.h */,
				C0E3514320E113D300CB9B52 /* NSString+ObjectiveSugar.m */,
				C0E3514420E113D300CB9B52 /* ObjectiveSugar.h */,
			);
			path = Libs;
			sourceTree = "<group>";
		};
/* End PBXGroup section */

/* Begin PBXHeadersBuildPhase section */
		C0C8B79920836605004BB9FD /* Headers */ = {
			isa = PBXHeadersBuildPhase;
			buildActionMask = 2147483647;
			files = (
				C0E3514720E113D300CB9B52 /* NSSet+ObjectiveSugar.h in Headers */,
				C0C8B7E320836945004BB9FD /* RFYUtils.h in Headers */,
				C0E3514520E113D300CB9B52 /* NSNumber+ObjectiveSugar.h in Headers */,
				C0E3514E20E113D300CB9B52 /* NSString+ObjectiveSugar.h in Headers */,
				C0E3515120E113D300CB9B52 /* ObjectiveSugar.h in Headers */,
				C0E34FE920E10DC100CB9B52 /* RFYPermissions.h in Headers */,
				C0E3514620E113D300CB9B52 /* NSMutableArray+ObjectiveSugar.h in Headers */,
				C0E34FEA20E10DC100CB9B52 /* RFYErrors.h in Headers */,
				C0E3514A20E113D300CB9B52 /* NSArray+ObjectiveSugar.h in Headers */,
				C016A0B4209726D800C898C4 /* RFYCache.h in Headers */,
				C0C8B7AD20836606004BB9FD /* RFYAppKit.h in Headers */,
				C0E34FE420E10DC100CB9B52 /* NSArray+RFYUtilities.h in Headers */,
				C0E3514F20E113D300CB9B52 /* NSDictionary+ObjectiveSugar.h in Headers */,
				C0E34FEB20E10DC100CB9B52 /* RFYTask.h in Headers */,
			);
			runOnlyForDeploymentPostprocessing = 0;
		};
/* End PBXHeadersBuildPhase section */

/* Begin PBXNativeTarget section */
		C0C8B79B20836605004BB9FD /* RFYAppKit */ = {
			isa = PBXNativeTarget;
			buildConfigurationList = C0C8B7B020836606004BB9FD /* Build configuration list for PBXNativeTarget "RFYAppKit" */;
			buildPhases = (
				C0C8B79720836605004BB9FD /* Sources */,
				C0C8B79820836605004BB9FD /* Frameworks */,
				C0C8B79920836605004BB9FD /* Headers */,
				C0C8B79A20836605004BB9FD /* Resources */,
			);
			buildRules = (
			);
			dependencies = (
			);
			name = RFYAppKit;
			productName = RFYAppKit;
			productReference = C0C8B79C20836605004BB9FD /* RFYAppKit.framework */;
			productType = "com.apple.product-type.framework";
		};
		C0C8B7A420836606004BB9FD /* RFYAppKitTests */ = {
			isa = PBXNativeTarget;
			buildConfigurationList = C0C8B7B320836606004BB9FD /* Build configuration list for PBXNativeTarget "RFYAppKitTests" */;
			buildPhases = (
				C0C8B7A120836606004BB9FD /* Sources */,
				C0C8B7A220836606004BB9FD /* Frameworks */,
				C0C8B7A320836606004BB9FD /* Resources */,
			);
			buildRules = (
			);
			dependencies = (
				C0C8B7A820836606004BB9FD /* PBXTargetDependency */,
			);
			name = RFYAppKitTests;
			productName = RFYAppKitTests;
			productReference = C0C8B7A520836606004BB9FD /* RFYAppKitTests.xctest */;
			productType = "com.apple.product-type.bundle.unit-test";
		};
/* End PBXNativeTarget section */

/* Begin PBXProject section */
		C0C8B79320836605004BB9FD /* Project object */ = {
			isa = PBXProject;
			attributes = {
				LastUpgradeCheck = 0940;
				ORGANIZATIONNAME = Reactify;
				TargetAttributes = {
					C0C8B79B20836605004BB9FD = {
						CreatedOnToolsVersion = 9.2;
						ProvisioningStyle = Automatic;
					};
					C0C8B7A420836606004BB9FD = {
						CreatedOnToolsVersion = 9.2;
						ProvisioningStyle = Automatic;
					};
				};
			};
			buildConfigurationList = C0C8B79620836605004BB9FD /* Build configuration list for PBXProject "RFYAppKit" */;
			compatibilityVersion = "Xcode 8.0";
			developmentRegion = en;
			hasScannedForEncodings = 0;
			knownRegions = (
				en,
			);
			mainGroup = C0C8B79220836605004BB9FD;
			productRefGroup = C0C8B79D20836605004BB9FD /* Products */;
			projectDirPath = "";
			projectRoot = "";
			targets = (
				C0C8B79B20836605004BB9FD /* RFYAppKit */,
				C0C8B7A420836606004BB9FD /* RFYAppKitTests */,
			);
		};
/* End PBXProject section */

/* Begin PBXResourcesBuildPhase section */
		C0C8B79A20836605004BB9FD /* Resources */ = {
			isa = PBXResourcesBuildPhase;
			buildActionMask = 2147483647;
			files = (
			);
			runOnlyForDeploymentPostprocessing = 0;
		};
		C0C8B7A320836606004BB9FD /* Resources */ = {
			isa = PBXResourcesBuildPhase;
			buildActionMask = 2147483647;
			files = (
			);
			runOnlyForDeploymentPostprocessing = 0;
		};
/* End PBXResourcesBuildPhase section */

/* Begin PBXSourcesBuildPhase section */
		C0C8B79720836605004BB9FD /* Sources */ = {
			isa = PBXSourcesBuildPhase;
			buildActionMask = 2147483647;
			files = (
				C0C8B7EB20836B9E004BB9FD /* RFYUtils.m in Sources */,
				C0E3514D20E113D300CB9B52 /* NSSet+ObjectiveSugar.m in Sources */,
				C0E3514B20E113D300CB9B52 /* NSDictionary+ObjectiveSugar.m in Sources */,
				C0E34FE820E10DC100CB9B52 /* RFYErrors.m in Sources */,
				C0E34FE520E10DC100CB9B52 /* RFYPermissions.m in Sources */,
				C0E3514820E113D300CB9B52 /* NSNumber+ObjectiveSugar.m in Sources */,
				C016A0B5209726D800C898C4 /* RFYCache.m in Sources */,
				C0E34FE720E10DC100CB9B52 /* NSArray+RFYUtilities.m in Sources */,
				C0E34FE620E10DC100CB9B52 /* RFYTask.m in Sources */,
				C0E3514920E113D300CB9B52 /* NSArray+ObjectiveSugar.m in Sources */,
				C0E3514C20E113D300CB9B52 /* NSMutableArray+ObjectiveSugar.m in Sources */,
				C0E3515020E113D300CB9B52 /* NSString+ObjectiveSugar.m in Sources */,
			);
			runOnlyForDeploymentPostprocessing = 0;
		};
		C0C8B7A120836606004BB9FD /* Sources */ = {
			isa = PBXSourcesBuildPhase;
			buildActionMask = 2147483647;
			files = (
				C0C8B7AB20836606004BB9FD /* RFYAppKitTests.m in Sources */,
				C0C8B7EC20836B9E004BB9FD /* RFYUtils.m in Sources */,
			);
			runOnlyForDeploymentPostprocessing = 0;
		};
/* End PBXSourcesBuildPhase section */

/* Begin PBXTargetDependency section */
		C0C8B7A820836606004BB9FD /* PBXTargetDependency */ = {
			isa = PBXTargetDependency;
			target = C0C8B79B20836605004BB9FD /* RFYAppKit */;
			targetProxy = C0C8B7A720836606004BB9FD /* PBXContainerItemProxy */;
		};
/* End PBXTargetDependency section */

/* Begin XCBuildConfiguration section */
		C0C8B7AE20836606004BB9FD /* Debug */ = {
			isa = XCBuildConfiguration;
			baseConfigurationReference = C05979632094BAB000966418 /* XcodeWarnings.xcconfig */;
			buildSettings = {
				ALWAYS_SEARCH_USER_PATHS = NO;
				CLANG_ANALYZER_NONNULL = YES;
				CLANG_ANALYZER_NUMBER_OBJECT_CONVERSION = YES_AGGRESSIVE;
				CLANG_CXX_LANGUAGE_STANDARD = "gnu++14";
				CLANG_CXX_LIBRARY = "libc++";
				CLANG_ENABLE_MODULES = YES;
				CLANG_ENABLE_OBJC_ARC = YES;
				CLANG_WARN_BLOCK_CAPTURE_AUTORELEASING = YES;
				CLANG_WARN_BOOL_CONVERSION = YES;
				CLANG_WARN_COMMA = YES;
				CLANG_WARN_CONSTANT_CONVERSION = YES;
				CLANG_WARN_DIRECT_OBJC_ISA_USAGE = YES_ERROR;
				CLANG_WARN_DOCUMENTATION_COMMENTS = YES;
				CLANG_WARN_EMPTY_BODY = YES;
				CLANG_WARN_ENUM_CONVERSION = YES;
				CLANG_WARN_INFINITE_RECURSION = YES;
				CLANG_WARN_INT_CONVERSION = YES;
				CLANG_WARN_NON_LITERAL_NULL_CONVERSION = YES;
				CLANG_WARN_OBJC_LITERAL_CONVERSION = YES;
				CLANG_WARN_OBJC_ROOT_CLASS = YES_ERROR;
				CLANG_WARN_RANGE_LOOP_ANALYSIS = YES;
				CLANG_WARN_STRICT_PROTOTYPES = YES;
				CLANG_WARN_SUSPICIOUS_MOVE = YES;
				CLANG_WARN_UNGUARDED_AVAILABILITY = YES_AGGRESSIVE;
				CLANG_WARN_UNREACHABLE_CODE = YES;
				CLANG_WARN__DUPLICATE_METHOD_MATCH = YES;
				CODE_SIGN_IDENTITY = "iPhone Developer";
				COPY_PHASE_STRIP = NO;
				CURRENT_PROJECT_VERSION = 1;
				DEBUG_INFORMATION_FORMAT = dwarf;
				ENABLE_STRICT_OBJC_MSGSEND = YES;
				ENABLE_TESTABILITY = YES;
				GCC_C_LANGUAGE_STANDARD = gnu11;
				GCC_DYNAMIC_NO_PIC = NO;
				GCC_NO_COMMON_BLOCKS = YES;
				GCC_OPTIMIZATION_LEVEL = 0;
				GCC_PREPROCESSOR_DEFINITIONS = (
					"DEBUG=1",
					"$(inherited)",
				);
				GCC_WARN_64_TO_32_BIT_CONVERSION = YES;
				GCC_WARN_ABOUT_RETURN_TYPE = YES_ERROR;
				GCC_WARN_UNDECLARED_SELECTOR = YES;
				GCC_WARN_UNINITIALIZED_AUTOS = YES_AGGRESSIVE;
				GCC_WARN_UNUSED_FUNCTION = YES;
				GCC_WARN_UNUSED_VARIABLE = YES;
				IPHONEOS_DEPLOYMENT_TARGET = 11.2;
				MTL_ENABLE_DEBUG_INFO = YES;
				ONLY_ACTIVE_ARCH = YES;
				SDKROOT = iphoneos;
				VERSIONING_SYSTEM = "apple-generic";
				VERSION_INFO_PREFIX = "";
			};
			name = Debug;
		};
		C0C8B7AF20836606004BB9FD /* Release */ = {
			isa = XCBuildConfiguration;
			baseConfigurationReference = C05979632094BAB000966418 /* XcodeWarnings.xcconfig */;
			buildSettings = {
				ALWAYS_SEARCH_USER_PATHS = NO;
				CLANG_ANALYZER_NONNULL = YES;
				CLANG_ANALYZER_NUMBER_OBJECT_CONVERSION = YES_AGGRESSIVE;
				CLANG_CXX_LANGUAGE_STANDARD = "gnu++14";
				CLANG_CXX_LIBRARY = "libc++";
				CLANG_ENABLE_MODULES = YES;
				CLANG_ENABLE_OBJC_ARC = YES;
				CLANG_WARN_BLOCK_CAPTURE_AUTORELEASING = YES;
				CLANG_WARN_BOOL_CONVERSION = YES;
				CLANG_WARN_COMMA = YES;
				CLANG_WARN_CONSTANT_CONVERSION = YES;
				CLANG_WARN_DIRECT_OBJC_ISA_USAGE = YES_ERROR;
				CLANG_WARN_DOCUMENTATION_COMMENTS = YES;
				CLANG_WARN_EMPTY_BODY = YES;
				CLANG_WARN_ENUM_CONVERSION = YES;
				CLANG_WARN_INFINITE_RECURSION = YES;
				CLANG_WARN_INT_CONVERSION = YES;
				CLANG_WARN_NON_LITERAL_NULL_CONVERSION = YES;
				CLANG_WARN_OBJC_LITERAL_CONVERSION = YES;
				CLANG_WARN_OBJC_ROOT_CLASS = YES_ERROR;
				CLANG_WARN_RANGE_LOOP_ANALYSIS = YES;
				CLANG_WARN_STRICT_PROTOTYPES = YES;
				CLANG_WARN_SUSPICIOUS_MOVE = YES;
				CLANG_WARN_UNGUARDED_AVAILABILITY = YES_AGGRESSIVE;
				CLANG_WARN_UNREACHABLE_CODE = YES;
				CLANG_WARN__DUPLICATE_METHOD_MATCH = YES;
				CODE_SIGN_IDENTITY = "iPhone Developer";
				COPY_PHASE_STRIP = NO;
				CURRENT_PROJECT_VERSION = 1;
				DEBUG_INFORMATION_FORMAT = "dwarf-with-dsym";
				ENABLE_NS_ASSERTIONS = NO;
				ENABLE_STRICT_OBJC_MSGSEND = YES;
				GCC_C_LANGUAGE_STANDARD = gnu11;
				GCC_NO_COMMON_BLOCKS = YES;
				GCC_WARN_64_TO_32_BIT_CONVERSION = YES;
				GCC_WARN_ABOUT_RETURN_TYPE = YES_ERROR;
				GCC_WARN_UNDECLARED_SELECTOR = YES;
				GCC_WARN_UNINITIALIZED_AUTOS = YES_AGGRESSIVE;
				GCC_WARN_UNUSED_FUNCTION = YES;
				GCC_WARN_UNUSED_VARIABLE = YES;
				IPHONEOS_DEPLOYMENT_TARGET = 11.2;
				MTL_ENABLE_DEBUG_INFO = NO;
				SDKROOT = iphoneos;
				VALIDATE_PRODUCT = YES;
				VERSIONING_SYSTEM = "apple-generic";
				VERSION_INFO_PREFIX = "";
			};
			name = Release;
		};
		C0C8B7B120836606004BB9FD /* Debug */ = {
			isa = XCBuildConfiguration;
			buildSettings = {
				CODE_SIGN_IDENTITY = "";
				CODE_SIGN_STYLE = Automatic;
				DEFINES_MODULE = YES;
				DEVELOPMENT_TEAM = J96W95JQUZ;
				DYLIB_COMPATIBILITY_VERSION = 1;
				DYLIB_CURRENT_VERSION = 1;
				DYLIB_INSTALL_NAME_BASE = "@rpath";
				HEADER_SEARCH_PATHS = (
					src,
					src/audio,
					src/utilities,
				);
				INFOPLIST_FILE = RFYAppKit/Info.plist;
				INSTALL_PATH = "$(LOCAL_LIBRARY_DIR)/Frameworks";
				IPHONEOS_DEPLOYMENT_TARGET = 10.0;
				LD_RUNPATH_SEARCH_PATHS = "$(inherited) @executable_path/Frameworks @loader_path/Frameworks";
				PRODUCT_BUNDLE_IDENTIFIER = com.reactify.RFYAppKit;
				PRODUCT_NAME = "$(TARGET_NAME:c99extidentifier)";
				SKIP_INSTALL = YES;
				TARGETED_DEVICE_FAMILY = "1,2";
			};
			name = Debug;
		};
		C0C8B7B220836606004BB9FD /* Release */ = {
			isa = XCBuildConfiguration;
			buildSettings = {
				CODE_SIGN_IDENTITY = "";
				CODE_SIGN_STYLE = Automatic;
				DEFINES_MODULE = YES;
				DEVELOPMENT_TEAM = J96W95JQUZ;
				DYLIB_COMPATIBILITY_VERSION = 1;
				DYLIB_CURRENT_VERSION = 1;
				DYLIB_INSTALL_NAME_BASE = "@rpath";
				HEADER_SEARCH_PATHS = (
					src,
					src/audio,
					src/utilities,
				);
				INFOPLIST_FILE = RFYAppKit/Info.plist;
				INSTALL_PATH = "$(LOCAL_LIBRARY_DIR)/Frameworks";
				IPHONEOS_DEPLOYMENT_TARGET = 10.0;
				LD_RUNPATH_SEARCH_PATHS = "$(inherited) @executable_path/Frameworks @loader_path/Frameworks";
				PRODUCT_BUNDLE_IDENTIFIER = com.reactify.RFYAppKit;
				PRODUCT_NAME = "$(TARGET_NAME:c99extidentifier)";
				SKIP_INSTALL = YES;
				TARGETED_DEVICE_FAMILY = "1,2";
			};
			name = Release;
		};
		C0C8B7B420836606004BB9FD /* Debug */ = {
			isa = XCBuildConfiguration;
			buildSettings = {
				CODE_SIGN_STYLE = Automatic;
				DEVELOPMENT_TEAM = J96W95JQUZ;
				INFOPLIST_FILE = tests/Info.plist;
				LD_RUNPATH_SEARCH_PATHS = "$(inherited) @executable_path/Frameworks @loader_path/Frameworks";
				PRODUCT_BUNDLE_IDENTIFIER = com.reactify.RFYAppKitTests;
				PRODUCT_NAME = "$(TARGET_NAME)";
				TARGETED_DEVICE_FAMILY = "1,2";
			};
			name = Debug;
		};
		C0C8B7B520836606004BB9FD /* Release */ = {
			isa = XCBuildConfiguration;
			buildSettings = {
				CODE_SIGN_STYLE = Automatic;
				DEVELOPMENT_TEAM = J96W95JQUZ;
				INFOPLIST_FILE = tests/Info.plist;
				LD_RUNPATH_SEARCH_PATHS = "$(inherited) @executable_path/Frameworks @loader_path/Frameworks";
				PRODUCT_BUNDLE_IDENTIFIER = com.reactify.RFYAppKitTests;
				PRODUCT_NAME = "$(TARGET_NAME)";
				TARGETED_DEVICE_FAMILY = "1,2";
			};
			name = Release;
		};
/* End XCBuildConfiguration section */

/* Begin XCConfigurationList section */
		C0C8B79620836605004BB9FD /* Build configuration list for PBXProject "RFYAppKit" */ = {
			isa = XCConfigurationList;
			buildConfigurations = (
				C0C8B7AE20836606004BB9FD /* Debug */,
				C0C8B7AF20836606004BB9FD /* Release */,
			);
			defaultConfigurationIsVisible = 0;
			defaultConfigurationName = Release;
		};
		C0C8B7B020836606004BB9FD /* Build configuration list for PBXNativeTarget "RFYAppKit" */ = {
			isa = XCConfigurationList;
			buildConfigurations = (
				C0C8B7B120836606004BB9FD /* Debug */,
				C0C8B7B220836606004BB9FD /* Release */,
			);
			defaultConfigurationIsVisible = 0;
			defaultConfigurationName = Release;
		};
		C0C8B7B320836606004BB9FD /* Build configuration list for PBXNativeTarget "RFYAppKitTests" */ = {
			isa = XCConfigurationList;
			buildConfigurations = (
				C0C8B7B420836606004BB9FD /* Debug */,
				C0C8B7B520836606004BB9FD /* Release */,
			);
			defaultConfigurationIsVisible = 0;
			defaultConfigurationName = Release;
		};
/* End XCConfigurationList section */
	};
	rootObject = C0C8B79320836605004BB9FD /* Project object */;
}
